
Microsoft Visual Studio Solution File, Format Version 12.00
# Visual Studio Version 17
VisualStudioVersion = 17.2.32602.215
MinimumVisualStudioVersion = 10.0.40219.1
Project("{9A19103F-16F7-4668-BE54-9A1E7A4F7556}") = "DemoMiniApi", "DemoMiniApi\DemoMiniApi.csproj", "{6A695124-201B-4960-A5FB-A25232DBFD6D}"
EndProject
Project("{9A19103F-16F7-4668-BE54-9A1E7A4F7556}") = "MiniApi", "MiniApi\MiniApi.csproj", "{0C63FDC1-A87D-4417-92E5-AD0046C8D587}"
EndProject
Global
	GlobalSection(SolutionConfigurationPlatforms) = preSolution
		Debug|Any CPU = Debug|Any CPU
		Release|Any CPU = Release|Any CPU
	EndGlobalSection
	GlobalSection(ProjectConfigurationPlatforms) = postSolution
		{6A695124-201B-4960-A5FB-A25232DBFD6D}.Debug|Any CPU.ActiveCfg = Debug|Any CPU
		{6A695124-201B-4960-A5FB-A25232DBFD6D}.Debug|Any CPU.Build.0 = Debug|Any CPU
		{6A695124-201B-4960-A5FB-A25232DBFD6D}.Release|Any CPU.ActiveCfg = Release|Any CPU
		{6A695124-201B-4960-A5FB-A25232DBFD6D}.Release|Any CPU.Build.0 = Release|Any CPU
		{0C63FDC1-A87D-4417-92E5-AD0046C8D587}.Debug|Any CPU.ActiveCfg = Debug|Any CPU
		{0C63FDC1-A87D-4417-92E5-AD0046C8D587}.Debug|Any CPU.Build.0 = Debug|Any CPU
		{0C63FDC1-A87D-4417-92E5-AD0046C8D587}.Release|Any CPU.ActiveCfg = Release|Any CPU
		{0C63FDC1-A87D-4417-92E5-AD0046C8D587}.Release|Any CPU.Build.0 = Release|Any CPU
	EndGlobalSection
	GlobalSection(SolutionProperties) = preSolution
		HideSolutionNode = FALSE
	EndGlobalSection
	GlobalSection(ExtensibilityGlobals) = postSolution
		SolutionGuid = {F82E51F9-004F-414F-8AD8-7835C5688032}
	EndGlobalSection
EndGlobal
